{
  "name": "05-proyecto",
  "version": "1.0.0",
  "lockfileVersion": 1,
  "requires": true,
  "dependencies": {
    "f-daniel-velastegui": {
      "version": "2.1.0",
      "resolved": "https://registry.npmjs.org/f-daniel-velastegui/-/f-daniel-velastegui-2.1.0.tgz",
      "integrity": "sha512-2MSlzzjVcESBzdY90xK6shVAMw/FUPsXu9NeS9NAHttx7oztG4whaFtAyRRtNY9RIowGCM/T4q0CQkPTrN5dDA=="
    }
  }
}
