{
  "name": "05-proyecto",
  "version": "1.0.0",
  "lockfileVersion": 1,
  "requires": true,
  "dependencies": {
    "f-daniel-velastegui": {
      "version": "2.2.2",
      "resolved": "https://registry.npmjs.org/f-daniel-velastegui/-/f-daniel-velastegui-2.2.2.tgz",
      "integrity": "sha512-5wCT/ItGARfamk/wYuXTRLtzhVwbh9wLUPfCZaglaS6adUa+uuRzD+ljb5gea8eEXz0rxSdD8Vv2TIKdtbVolg=="
    }
  }
}
